# This file is automatically @generated by Cargo.
# It is not intended for manual editing.
version = 4

[[package]]
name = "gaonn-authority-placement-core"
version = "0.1.0"
dependencies = [
 "gaonn-identity-acceptance-core",
]

[[package]]
name = "gaonn-causal-random-core"
version = "0.1.0"
dependencies = [
 "gaonn-identity-reuse-audit-core",
 "gaonn-world-time-core",
]

[[package]]
name = "gaonn-celestial-core"
version = "0.1.0"
dependencies = [
 "gaonn-planetary-space-core",
 "gaonn-world-time-core",
]

[[package]]
name = "gaonn-creation-boundary-core"
version = "0.1.0"
dependencies = [
 "gaonn-identity-core",
 "gaonn-lifecycle-core",
 "gaonn-world-core",
]

[[package]]
name = "gaonn-cross-reference-core"
version = "0.1.0"
dependencies = [
 "gaonn-creation-boundary-core",
 "gaonn-identity-core",
 "gaonn-lifecycle-core",
 "gaonn-retention-core",
 "gaonn-retirement-state-core",
 "gaonn-world-core",
]

[[package]]
name = "gaonn-identity-acceptance-core"
version = "0.1.0"
dependencies = [
 "gaonn-identity-continuity-core",
 "gaonn-identity-core",
 "gaonn-identity-reuse-audit-core",
 "gaonn-world-core",
]

[[package]]
name = "gaonn-identity-continuity-core"
version = "0.1.0"
dependencies = [
 "gaonn-cross-reference-core",
 "gaonn-identity-core",
]

[[package]]
name = "gaonn-identity-core"
version = "0.1.0"
dependencies = [
 "gaonn-world-core",
]

[[package]]
name = "gaonn-identity-reuse-audit-core"
version = "0.1.0"
dependencies = [
 "gaonn-identity-continuity-core",
 "gaonn-identity-core",
]

[[package]]
name = "gaonn-lifecycle-core"
version = "0.1.0"
dependencies = [
 "gaonn-identity-core",
 "gaonn-world-core",
]

[[package]]
name = "gaonn-planetary-space-core"
version = "0.1.0"
dependencies = [
 "gaonn-world-core",
]

[[package]]
name = "gaonn-retention-core"
version = "0.1.0"
dependencies = [
 "gaonn-creation-boundary-core",
 "gaonn-identity-core",
 "gaonn-lifecycle-core",
 "gaonn-retirement-state-core",
 "gaonn-world-core",
]

[[package]]
name = "gaonn-retirement-state-core"
version = "0.1.0"
dependencies = [
 "gaonn-creation-boundary-core",
 "gaonn-identity-core",
 "gaonn-lifecycle-core",
 "gaonn-world-core",
]

[[package]]
name = "gaonn-scheduler-core"
version = "0.1.0"
dependencies = [
 "gaonn-identity-reuse-audit-core",
 "gaonn-world-time-core",
]

[[package]]
name = "gaonn-transaction-precommit-core"
version = "0.1.0"
dependencies = [
 "gaonn-identity-reuse-audit-core",
 "gaonn-scheduler-core",
 "gaonn-world-core",
 "gaonn-world-time-core",
]

[[package]]
name = "gaonn-validation-core"
version = "0.1.0"
dependencies = [
 "gaonn-world-core",
]

[[package]]
name = "gaonn-world-core"
version = "0.1.0"

[[package]]
name = "gaonn-world-time-acceptance-core"
version = "0.1.0"
dependencies = [
 "gaonn-world-core",
 "gaonn-world-time-core",
]

[[package]]
name = "gaonn-world-time-core"
version = "0.1.0"
dependencies = [
 "gaonn-world-core",
]
