# This file is automatically @generated by Cargo.
# It is not intended for manual editing.
version = 4

[[package]]
name = "gaonn-creation-boundary-core"
version = "0.1.0"
dependencies = [
 "gaonn-identity-core",
 "gaonn-lifecycle-core",
 "gaonn-world-core",
]

[[package]]
name = "gaonn-identity-core"
version = "0.1.0"
dependencies = [
 "gaonn-world-core",
]

[[package]]
name = "gaonn-lifecycle-core"
version = "0.1.0"
dependencies = [
 "gaonn-identity-core",
 "gaonn-world-core",
]

[[package]]
name = "gaonn-world-core"
version = "0.1.0"
